// !$*UTF8*$!
{
	archiveVersion = 1;
	classes = {
	};
	objectVersion = 46;
	objects = {

/* Begin PBXBuildFile section */
		FA02A74F158CA62300DA275C /* PeopleDetailViewController.xib in Resources */ = {isa = PBXBuildFile; fileRef = FA02A74D158CA62300DA275C /* PeopleDetailViewController.xib */; };
		FA02A75E158CABBC00DA275C /* CustomSegmentedControl.m in Sources */ = {isa = PBXBuildFile; fileRef = FA02A75D158CABBC00DA275C /* CustomSegmentedControl.m */; };
		FA1783051577B38B005C9ECE /* RegisterListViewController.m in Sources */ = {isa = PBXBuildFile; fileRef = FA1783041577B38B005C9ECE /* RegisterListViewController.m */; };
		FA1783121577C576005C9ECE /* 42qu.png in Resources */ = {isa = PBXBuildFile; fileRef = FA17830D1577C576005C9ECE /* 42qu.png */; };
		FA1783131577C576005C9ECE /* google.png in Resources */ = {isa = PBXBuildFile; fileRef = FA17830E1577C576005C9ECE /* google.png */; };
		FA1783141577C576005C9ECE /* renren.png in Resources */ = {isa = PBXBuildFile; fileRef = FA17830F1577C576005C9ECE /* renren.png */; };
		FA1783151577C576005C9ECE /* tencent.png in Resources */ = {isa = PBXBuildFile; fileRef = FA1783101577C576005C9ECE /* tencent.png */; };
		FA1783181577C65F005C9ECE /* weibo.png in Resources */ = {isa = PBXBuildFile; fileRef = FA1783171577C65F005C9ECE /* weibo.png */; };
		FA17831C1577D827005C9ECE /* LaunchViewController.m in Sources */ = {isa = PBXBuildFile; fileRef = FA17831B1577D827005C9ECE /* LaunchViewController.m */; };
		FA1DB28C15BD436B00CDE810 /* UpdateCell.m in Sources */ = {isa = PBXBuildFile; fileRef = FA1DB28B15BD436B00CDE810 /* UpdateCell.m */; };
		FA210B3B156D1B2B00DDACE9 /* logo.png in Resources */ = {isa = PBXBuildFile; fileRef = FA210B3A156D1B2B00DDACE9 /* logo.png */; };
		FA22843115B807AB005F5189 /* PeopleDetailViewController.m in Sources */ = {isa = PBXBuildFile; fileRef = FA02A74C158CA62300DA275C /* PeopleDetailViewController.m */; };
		FA2883061595E53600FFE60F /* TabbedSlideView.m in Sources */ = {isa = PBXBuildFile; fileRef = FA2883051595E53600FFE60F /* TabbedSlideView.m */; };
		FA288407159B151300FFE60F /* ProfileRootViewController.m in Sources */ = {isa = PBXBuildFile; fileRef = FA288406159B151300FFE60F /* ProfileRootViewController.m */; };
		FA288422159B7A6200FFE60F /* tabbar-update.png in Resources */ = {isa = PBXBuildFile; fileRef = FA288418159B7A6100FFE60F /* tabbar-update.png */; };
		FA288423159B7A6200FFE60F /* tabbar-update@2x.png in Resources */ = {isa = PBXBuildFile; fileRef = FA288419159B7A6100FFE60F /* tabbar-update@2x.png */; };
		FA288424159B7A6200FFE60F /* tabbar-notification.png in Resources */ = {isa = PBXBuildFile; fileRef = FA28841A159B7A6100FFE60F /* tabbar-notification.png */; };
		FA288425159B7A6200FFE60F /* tabbar-notification@2x.png in Resources */ = {isa = PBXBuildFile; fileRef = FA28841B159B7A6200FFE60F /* tabbar-notification@2x.png */; };
		FA288426159B7A6200FFE60F /* tabbar-notification-new.png in Resources */ = {isa = PBXBuildFile; fileRef = FA28841C159B7A6200FFE60F /* tabbar-notification-new.png */; };
		FA288427159B7A6200FFE60F /* tabbar-notification-new@2x.png in Resources */ = {isa = PBXBuildFile; fileRef = FA28841D159B7A6200FFE60F /* tabbar-notification-new@2x.png */; };
		FA288428159B7A6200FFE60F /* tabbar-people.png in Resources */ = {isa = PBXBuildFile; fileRef = FA28841E159B7A6200FFE60F /* tabbar-people.png */; };
		FA288429159B7A6200FFE60F /* tabbar-people@2x.png in Resources */ = {isa = PBXBuildFile; fileRef = FA28841F159B7A6200FFE60F /* tabbar-people@2x.png */; };
		FA28842A159B7A6200FFE60F /* tabbar-profile.png in Resources */ = {isa = PBXBuildFile; fileRef = FA288420159B7A6200FFE60F /* tabbar-profile.png */; };
		FA28842B159B7A6200FFE60F /* tabbar-profile@2x.png in Resources */ = {isa = PBXBuildFile; fileRef = FA288421159B7A6200FFE60F /* tabbar-profile@2x.png */; };
		FA2E1D35158DF8680072B596 /* peopledetail-segmentedcontrol-selected.png in Resources */ = {isa = PBXBuildFile; fileRef = FA2E1D2F158DF8680072B596 /* peopledetail-segmentedcontrol-selected.png */; };
		FA2E1D36158DF8680072B596 /* peopledetail-segmentedcontrol-selected@2x.png in Resources */ = {isa = PBXBuildFile; fileRef = FA2E1D30158DF8680072B596 /* peopledetail-segmentedcontrol-selected@2x.png */; };
		FA2E1D37158DF8680072B596 /* peopledetail-segmentedcontrol-divider.png in Resources */ = {isa = PBXBuildFile; fileRef = FA2E1D31158DF8680072B596 /* peopledetail-segmentedcontrol-divider.png */; };
		FA2E1D38158DF8680072B596 /* peopledetail-segmentedcontrol-divider@2x.png in Resources */ = {isa = PBXBuildFile; fileRef = FA2E1D32158DF8680072B596 /* peopledetail-segmentedcontrol-divider@2x.png */; };
		FA2E1D39158DF8680072B596 /* peopledetail-segmentedcontrol-bg.png in Resources */ = {isa = PBXBuildFile; fileRef = FA2E1D33158DF8680072B596 /* peopledetail-segmentedcontrol-bg.png */; };
		FA2E1D3A158DF8680072B596 /* peopledetail-segmentedcontrol-bg@2x.png in Resources */ = {isa = PBXBuildFile; fileRef = FA2E1D34158DF8680072B596 /* peopledetail-segmentedcontrol-bg@2x.png */; };
		FA2E1D3E158DFA340072B596 /* peopledetail-segmentedcontrol-highlighted.png in Resources */ = {isa = PBXBuildFile; fileRef = FA2E1D3C158DFA340072B596 /* peopledetail-segmentedcontrol-highlighted.png */; };
		FA2E1D3F158DFA340072B596 /* peopledetail-segmentedcontrol-highlighted@2x.png in Resources */ = {isa = PBXBuildFile; fileRef = FA2E1D3D158DFA340072B596 /* peopledetail-segmentedcontrol-highlighted@2x.png */; };
		FA2ED43C15D3D07A00018932 /* PullRefreshHeaderView.m in Sources */ = {isa = PBXBuildFile; fileRef = FA2ED43B15D3D07A00018932 /* PullRefreshHeaderView.m */; };
		FA333CC915D3EBFC00605F26 /* CustomTableViewController.m in Sources */ = {isa = PBXBuildFile; fileRef = FA333CC815D3EBFC00605F26 /* CustomTableViewController.m */; };
		FA3A4B24157485BE0070FB1C /* launch-navbar-bg.png in Resources */ = {isa = PBXBuildFile; fileRef = FA3A4B22157485BE0070FB1C /* launch-navbar-bg.png */; };
		FA3A4B25157485BE0070FB1C /* launch-navbar-bg@2x.png in Resources */ = {isa = PBXBuildFile; fileRef = FA3A4B23157485BE0070FB1C /* launch-navbar-bg@2x.png */; };
		FA3A4B2B1574C35A0070FB1C /* Icon@2x.png in Resources */ = {isa = PBXBuildFile; fileRef = FA3A4B2A1574C35A0070FB1C /* Icon@2x.png */; };
		FA3A4B2D1574C3620070FB1C /* Icon.png in Resources */ = {isa = PBXBuildFile; fileRef = FA3A4B2C1574C3620070FB1C /* Icon.png */; };
		FA3A4B2F1574C4100070FB1C /* Default@2x.png in Resources */ = {isa = PBXBuildFile; fileRef = FA3A4B2E1574C4100070FB1C /* Default@2x.png */; };
		FA3A4B311574C4930070FB1C /* Default.png in Resources */ = {isa = PBXBuildFile; fileRef = FA3A4B301574C4930070FB1C /* Default.png */; };
		FA402A37156BA3F4009EC4FA /* QuartzCore.framework in Frameworks */ = {isa = PBXBuildFile; fileRef = FA402A36156BA3F4009EC4FA /* QuartzCore.framework */; };
		FA402A5E156C919E009EC4FA /* AccountControl.m in Sources */ = {isa = PBXBuildFile; fileRef = FA402A5D156C919E009EC4FA /* AccountControl.m */; };
		FA402A9F156CDE5A009EC4FA /* API.m in Sources */ = {isa = PBXBuildFile; fileRef = FA402A9E156CDE5A009EC4FA /* API.m */; };
		FA402AAF156D0B04009EC4FA /* LoginView.m in Sources */ = {isa = PBXBuildFile; fileRef = FA402AAE156D0B04009EC4FA /* LoginView.m */; };
		FA402ABC156D0EAD009EC4FA /* login-bg.png in Resources */ = {isa = PBXBuildFile; fileRef = FA402ABA156D0EAD009EC4FA /* login-bg.png */; };
		FA402ABD156D0EAD009EC4FA /* login-bg@2x.png in Resources */ = {isa = PBXBuildFile; fileRef = FA402ABB156D0EAD009EC4FA /* login-bg@2x.png */; };
		FA5885681576636700F46BD8 /* exception.m in Sources */ = {isa = PBXBuildFile; fileRef = FA5885671576636700F46BD8 /* exception.m */; };
		FA7E3D0B156B613E00687AB8 /* UIKit.framework in Frameworks */ = {isa = PBXBuildFile; fileRef = FA7E3D0A156B613E00687AB8 /* UIKit.framework */; };
		FA7E3D0D156B613E00687AB8 /* Foundation.framework in Frameworks */ = {isa = PBXBuildFile; fileRef = FA7E3D0C156B613E00687AB8 /* Foundation.framework */; };
		FA7E3D0F156B613E00687AB8 /* CoreGraphics.framework in Frameworks */ = {isa = PBXBuildFile; fileRef = FA7E3D0E156B613E00687AB8 /* CoreGraphics.framework */; };
		FA7E3D15156B613E00687AB8 /* InfoPlist.strings in Resources */ = {isa = PBXBuildFile; fileRef = FA7E3D13156B613E00687AB8 /* InfoPlist.strings */; };
		FA7E3D17156B613E00687AB8 /* main.m in Sources */ = {isa = PBXBuildFile; fileRef = FA7E3D16156B613E00687AB8 /* main.m */; };
		FA7E3D1B156B613E00687AB8 /* AppDelegate.m in Sources */ = {isa = PBXBuildFile; fileRef = FA7E3D1A156B613E00687AB8 /* AppDelegate.m */; };
		FA88C20815D251B4002EA3F6 /* RegisterViewController.m in Sources */ = {isa = PBXBuildFile; fileRef = FA88C20715D251B4002EA3F6 /* RegisterViewController.m */; };
		FAB692AE1571306000AF0951 /* TBinaryProtocol.m in Sources */ = {isa = PBXBuildFile; fileRef = FAB6928D1571306000AF0951 /* TBinaryProtocol.m */; };
		FAB692AF1571306000AF0951 /* TProtocolException.m in Sources */ = {isa = PBXBuildFile; fileRef = FAB692901571306000AF0951 /* TProtocolException.m */; };
		FAB692B01571306000AF0951 /* TProtocolUtil.m in Sources */ = {isa = PBXBuildFile; fileRef = FAB692931571306000AF0951 /* TProtocolUtil.m */; };
		FAB692B11571306000AF0951 /* TSocketServer.m in Sources */ = {isa = PBXBuildFile; fileRef = FAB692961571306000AF0951 /* TSocketServer.m */; };
		FAB692B21571306000AF0951 /* TApplicationException.m in Sources */ = {isa = PBXBuildFile; fileRef = FAB692981571306000AF0951 /* TApplicationException.m */; };
		FAB692B31571306000AF0951 /* TException.m in Sources */ = {isa = PBXBuildFile; fileRef = FAB6929A1571306000AF0951 /* TException.m */; };
		FAB692B41571306000AF0951 /* THTTPClient.m in Sources */ = {isa = PBXBuildFile; fileRef = FAB692A01571306000AF0951 /* THTTPClient.m */; };
		FAB692B51571306000AF0951 /* TMemoryBuffer.m in Sources */ = {isa = PBXBuildFile; fileRef = FAB692A21571306000AF0951 /* TMemoryBuffer.m */; };
		FAB692B61571306000AF0951 /* TNSFileHandleTransport.m in Sources */ = {isa = PBXBuildFile; fileRef = FAB692A41571306000AF0951 /* TNSFileHandleTransport.m */; };
		FAB692B71571306000AF0951 /* TNSStreamTransport.m in Sources */ = {isa = PBXBuildFile; fileRef = FAB692A61571306000AF0951 /* TNSStreamTransport.m */; };
		FAB692B81571306000AF0951 /* TSocketClient.m in Sources */ = {isa = PBXBuildFile; fileRef = FAB692A81571306000AF0951 /* TSocketClient.m */; };
		FAB692B91571306000AF0951 /* TTransportException.m in Sources */ = {isa = PBXBuildFile; fileRef = FAB692AB1571306000AF0951 /* TTransportException.m */; };
		FAB692BA1571306000AF0951 /* TSharedProcessorFactory.m in Sources */ = {isa = PBXBuildFile; fileRef = FAB692AD1571306000AF0951 /* TSharedProcessorFactory.m */; };
		FAB74005156B8103003CBF67 /* UpdateRootViewController.m in Sources */ = {isa = PBXBuildFile; fileRef = FAB74004156B8103003CBF67 /* UpdateRootViewController.m */; };
		FAB74008156B817C003CBF67 /* NotificationRootViewController.m in Sources */ = {isa = PBXBuildFile; fileRef = FAB74007156B817C003CBF67 /* NotificationRootViewController.m */; };
		FAB7400B156B818A003CBF67 /* PeopleRootViewController.m in Sources */ = {isa = PBXBuildFile; fileRef = FAB7400A156B818A003CBF67 /* PeopleRootViewController.m */; };
		FAC856C1157B1D5500B42DF6 /* launch-startbutton-bg.png in Resources */ = {isa = PBXBuildFile; fileRef = FAC856BF157B1D5500B42DF6 /* launch-startbutton-bg.png */; };
		FAC856C2157B1D5500B42DF6 /* launch-startbutton-bg@2x.png in Resources */ = {isa = PBXBuildFile; fileRef = FAC856C0157B1D5500B42DF6 /* launch-startbutton-bg@2x.png */; };
		FAF57A531570D294002B26CE /* service.m in Sources */ = {isa = PBXBuildFile; fileRef = FAF57A051570AFE8002B26CE /* service.m */; };
		FAF57A541570D294002B26CE /* type.m in Sources */ = {isa = PBXBuildFile; fileRef = FAF57A071570AFE8002B26CE /* type.m */; };
/* End PBXBuildFile section */

/* Begin PBXFileReference section */
		FA02A74B158CA62300DA275C /* PeopleDetailViewController.h */ = {isa = PBXFileReference; fileEncoding = 4; lastKnownFileType = sourcecode.c.h; path = PeopleDetailViewController.h; sourceTree = "<group>"; };
		FA02A74C158CA62300DA275C /* PeopleDetailViewController.m */ = {isa = PBXFileReference; fileEncoding = 4; lastKnownFileType = sourcecode.c.objc; path = PeopleDetailViewController.m; sourceTree = "<group>"; };
		FA02A74D158CA62300DA275C /* PeopleDetailViewController.xib */ = {isa = PBXFileReference; fileEncoding = 4; lastKnownFileType = file.xib; path = PeopleDetailViewController.xib; sourceTree = "<group>"; };
		FA02A75C158CABBC00DA275C /* CustomSegmentedControl.h */ = {isa = PBXFileReference; fileEncoding = 4; lastKnownFileType = sourcecode.c.h; path = CustomSegmentedControl.h; sourceTree = "<group>"; };
		FA02A75D158CABBC00DA275C /* CustomSegmentedControl.m */ = {isa = PBXFileReference; fileEncoding = 4; lastKnownFileType = sourcecode.c.objc; path = CustomSegmentedControl.m; sourceTree = "<group>"; };
		FA1783031577B38B005C9ECE /* RegisterListViewController.h */ = {isa = PBXFileReference; fileEncoding = 4; lastKnownFileType = sourcecode.c.h; path = RegisterListViewController.h; sourceTree = "<group>"; };
		FA1783041577B38B005C9ECE /* RegisterListViewController.m */ = {isa = PBXFileReference; fileEncoding = 4; lastKnownFileType = sourcecode.c.objc; path = RegisterListViewController.m; sourceTree = "<group>"; };
		FA17830D1577C576005C9ECE /* 42qu.png */ = {isa = PBXFileReference; lastKnownFileType = image.png; path = 42qu.png; sourceTree = "<group>"; };
		FA17830E1577C576005C9ECE /* google.png */ = {isa = PBXFileReference; lastKnownFileType = image.png; path = google.png; sourceTree = "<group>"; };
		FA17830F1577C576005C9ECE /* renren.png */ = {isa = PBXFileReference; lastKnownFileType = image.png; path = renren.png; sourceTree = "<group>"; };
		FA1783101577C576005C9ECE /* tencent.png */ = {isa = PBXFileReference; lastKnownFileType = image.png; path = tencent.png; sourceTree = "<group>"; };
		FA1783171577C65F005C9ECE /* weibo.png */ = {isa = PBXFileReference; lastKnownFileType = image.png; path = weibo.png; sourceTree = "<group>"; };
		FA17831A1577D827005C9ECE /* LaunchViewController.h */ = {isa = PBXFileReference; fileEncoding = 4; lastKnownFileType = sourcecode.c.h; path = LaunchViewController.h; sourceTree = "<group>"; };
		FA17831B1577D827005C9ECE /* LaunchViewController.m */ = {isa = PBXFileReference; fileEncoding = 4; lastKnownFileType = sourcecode.c.objc; path = LaunchViewController.m; sourceTree = "<group>"; };
		FA1DB28A15BD436B00CDE810 /* UpdateCell.h */ = {isa = PBXFileReference; fileEncoding = 4; lastKnownFileType = sourcecode.c.h; path = UpdateCell.h; sourceTree = "<group>"; };
		FA1DB28B15BD436B00CDE810 /* UpdateCell.m */ = {isa = PBXFileReference; fileEncoding = 4; lastKnownFileType = sourcecode.c.objc; path = UpdateCell.m; sourceTree = "<group>"; };
		FA210B3A156D1B2B00DDACE9 /* logo.png */ = {isa = PBXFileReference; lastKnownFileType = image.png; path = logo.png; sourceTree = "<group>"; };
		FA2883041595E53600FFE60F /* TabbedSlideView.h */ = {isa = PBXFileReference; fileEncoding = 4; lastKnownFileType = sourcecode.c.h; path = TabbedSlideView.h; sourceTree = "<group>"; };
		FA2883051595E53600FFE60F /* TabbedSlideView.m */ = {isa = PBXFileReference; fileEncoding = 4; lastKnownFileType = sourcecode.c.objc; path = TabbedSlideView.m; sourceTree = "<group>"; };
		FA288405159B151300FFE60F /* ProfileRootViewController.h */ = {isa = PBXFileReference; fileEncoding = 4; lastKnownFileType = sourcecode.c.h; path = ProfileRootViewController.h; sourceTree = "<group>"; };
		FA288406159B151300FFE60F /* ProfileRootViewController.m */ = {isa = PBXFileReference; fileEncoding = 4; lastKnownFileType = sourcecode.c.objc; path = ProfileRootViewController.m; sourceTree = "<group>"; };
		FA288418159B7A6100FFE60F /* tabbar-update.png */ = {isa = PBXFileReference; lastKnownFileType = image.png; path = "tabbar-update.png"; sourceTree = "<group>"; };
		FA288419159B7A6100FFE60F /* tabbar-update@2x.png */ = {isa = PBXFileReference; lastKnownFileType = image.png; path = "tabbar-update@2x.png"; sourceTree = "<group>"; };
		FA28841A159B7A6100FFE60F /* tabbar-notification.png */ = {isa = PBXFileReference; lastKnownFileType = image.png; path = "tabbar-notification.png"; sourceTree = "<group>"; };
		FA28841B159B7A6200FFE60F /* tabbar-notification@2x.png */ = {isa = PBXFileReference; lastKnownFileType = image.png; path = "tabbar-notification@2x.png"; sourceTree = "<group>"; };
		FA28841C159B7A6200FFE60F /* tabbar-notification-new.png */ = {isa = PBXFileReference; lastKnownFileType = image.png; path = "tabbar-notification-new.png"; sourceTree = "<group>"; };
		FA28841D159B7A6200FFE60F /* tabbar-notification-new@2x.png */ = {isa = PBXFileReference; lastKnownFileType = image.png; path = "tabbar-notification-new@2x.png"; sourceTree = "<group>"; };
		FA28841E159B7A6200FFE60F /* tabbar-people.png */ = {isa = PBXFileReference; lastKnownFileType = image.png; path = "tabbar-people.png"; sourceTree = "<group>"; };
		FA28841F159B7A6200FFE60F /* tabbar-people@2x.png */ = {isa = PBXFileReference; lastKnownFileType = image.png; path = "tabbar-people@2x.png"; sourceTree = "<group>"; };
		FA288420159B7A6200FFE60F /* tabbar-profile.png */ = {isa = PBXFileReference; lastKnownFileType = image.png; path = "tabbar-profile.png"; sourceTree = "<group>"; };
		FA288421159B7A6200FFE60F /* tabbar-profile@2x.png */ = {isa = PBXFileReference; lastKnownFileType = image.png; path = "tabbar-profile@2x.png"; sourceTree = "<group>"; };
		FA2E1D2F158DF8680072B596 /* peopledetail-segmentedcontrol-selected.png */ = {isa = PBXFileReference; lastKnownFileType = image.png; path = "peopledetail-segmentedcontrol-selected.png"; sourceTree = "<group>"; };
		FA2E1D30158DF8680072B596 /* peopledetail-segmentedcontrol-selected@2x.png */ = {isa = PBXFileReference; lastKnownFileType = image.png; path = "peopledetail-segmentedcontrol-selected@2x.png"; sourceTree = "<group>"; };
		FA2E1D31158DF8680072B596 /* peopledetail-segmentedcontrol-divider.png */ = {isa = PBXFileReference; lastKnownFileType = image.png; path = "peopledetail-segmentedcontrol-divider.png"; sourceTree = "<group>"; };
		FA2E1D32158DF8680072B596 /* peopledetail-segmentedcontrol-divider@2x.png */ = {isa = PBXFileReference; lastKnownFileType = image.png; path = "peopledetail-segmentedcontrol-divider@2x.png"; sourceTree = "<group>"; };
		FA2E1D33158DF8680072B596 /* peopledetail-segmentedcontrol-bg.png */ = {isa = PBXFileReference; lastKnownFileType = image.png; path = "peopledetail-segmentedcontrol-bg.png"; sourceTree = "<group>"; };
		FA2E1D34158DF8680072B596 /* peopledetail-segmentedcontrol-bg@2x.png */ = {isa = PBXFileReference; lastKnownFileType = image.png; path = "peopledetail-segmentedcontrol-bg@2x.png"; sourceTree = "<group>"; };
		FA2E1D3C158DFA340072B596 /* peopledetail-segmentedcontrol-highlighted.png */ = {isa = PBXFileReference; lastKnownFileType = image.png; path = "peopledetail-segmentedcontrol-highlighted.png"; sourceTree = "<group>"; };
		FA2E1D3D158DFA340072B596 /* peopledetail-segmentedcontrol-highlighted@2x.png */ = {isa = PBXFileReference; lastKnownFileType = image.png; path = "peopledetail-segmentedcontrol-highlighted@2x.png"; sourceTree = "<group>"; };
		FA2ED43A15D3D07A00018932 /* PullRefreshHeaderView.h */ = {isa = PBXFileReference; fileEncoding = 4; lastKnownFileType = sourcecode.c.h; path = PullRefreshHeaderView.h; sourceTree = "<group>"; };
		FA2ED43B15D3D07A00018932 /* PullRefreshHeaderView.m */ = {isa = PBXFileReference; fileEncoding = 4; lastKnownFileType = sourcecode.c.objc; path = PullRefreshHeaderView.m; sourceTree = "<group>"; };
		FA333CC715D3EBFC00605F26 /* CustomTableViewController.h */ = {isa = PBXFileReference; fileEncoding = 4; lastKnownFileType = sourcecode.c.h; path = CustomTableViewController.h; sourceTree = "<group>"; };
		FA333CC815D3EBFC00605F26 /* CustomTableViewController.m */ = {isa = PBXFileReference; fileEncoding = 4; lastKnownFileType = sourcecode.c.objc; path = CustomTableViewController.m; sourceTree = "<group>"; };
		FA3A4B22157485BE0070FB1C /* launch-navbar-bg.png */ = {isa = PBXFileReference; lastKnownFileType = image.png; path = "launch-navbar-bg.png"; sourceTree = "<group>"; };
		FA3A4B23157485BE0070FB1C /* launch-navbar-bg@2x.png */ = {isa = PBXFileReference; lastKnownFileType = image.png; path = "launch-navbar-bg@2x.png"; sourceTree = "<group>"; };
		FA3A4B2A1574C35A0070FB1C /* Icon@2x.png */ = {isa = PBXFileReference; lastKnownFileType = image.png; name = "Icon@2x.png"; path = "../Icon@2x.png"; sourceTree = "<group>"; };
		FA3A4B2C1574C3620070FB1C /* Icon.png */ = {isa = PBXFileReference; lastKnownFileType = image.png; name = Icon.png; path = ../Icon.png; sourceTree = "<group>"; };
		FA3A4B2E1574C4100070FB1C /* Default@2x.png */ = {isa = PBXFileReference; lastKnownFileType = image.png; name = "Default@2x.png"; path = "../Default@2x.png"; sourceTree = "<group>"; };
		FA3A4B301574C4930070FB1C /* Default.png */ = {isa = PBXFileReference; lastKnownFileType = image.png; name = Default.png; path = ../Default.png; sourceTree = "<group>"; };
		FA402A36156BA3F4009EC4FA /* QuartzCore.framework */ = {isa = PBXFileReference; lastKnownFileType = wrapper.framework; name = QuartzCore.framework; path = System/Library/Frameworks/QuartzCore.framework; sourceTree = SDKROOT; };
		FA402A5C156C919E009EC4FA /* AccountControl.h */ = {isa = PBXFileReference; fileEncoding = 4; lastKnownFileType = sourcecode.c.h; path = AccountControl.h; sourceTree = "<group>"; };
		FA402A5D156C919E009EC4FA /* AccountControl.m */ = {isa = PBXFileReference; fileEncoding = 4; lastKnownFileType = sourcecode.c.objc; path = AccountControl.m; sourceTree = "<group>"; };
		FA402A86156CA02C009EC4FA /* HTTPUtils.h */ = {isa = PBXFileReference; fileEncoding = 4; lastKnownFileType = sourcecode.c.h; path = HTTPUtils.h; sourceTree = "<group>"; };
		FA402A87156CA02C009EC4FA /* HTTPUtils.m */ = {isa = PBXFileReference; fileEncoding = 4; lastKnownFileType = sourcecode.c.objc; path = HTTPUtils.m; sourceTree = "<group>"; };
		FA402A9D156CDE5A009EC4FA /* API.h */ = {isa = PBXFileReference; fileEncoding = 4; lastKnownFileType = sourcecode.c.h; path = API.h; sourceTree = "<group>"; };
		FA402A9E156CDE5A009EC4FA /* API.m */ = {isa = PBXFileReference; fileEncoding = 4; lastKnownFileType = sourcecode.c.objc; path = API.m; sourceTree = "<group>"; };
		FA402AAD156D0B04009EC4FA /* LoginView.h */ = {isa = PBXFileReference; fileEncoding = 4; lastKnownFileType = sourcecode.c.h; path = LoginView.h; sourceTree = "<group>"; };
		FA402AAE156D0B04009EC4FA /* LoginView.m */ = {isa = PBXFileReference; fileEncoding = 4; lastKnownFileType = sourcecode.c.objc; path = LoginView.m; sourceTree = "<group>"; };
		FA402ABA156D0EAD009EC4FA /* login-bg.png */ = {isa = PBXFileReference; lastKnownFileType = image.png; path = "login-bg.png"; sourceTree = "<group>"; };
		FA402ABB156D0EAD009EC4FA /* login-bg@2x.png */ = {isa = PBXFileReference; lastKnownFileType = image.png; path = "login-bg@2x.png"; sourceTree = "<group>"; };
		FA5885661576636700F46BD8 /* exception.h */ = {isa = PBXFileReference; fileEncoding = 4; lastKnownFileType = sourcecode.c.h; path = exception.h; sourceTree = "<group>"; };
		FA5885671576636700F46BD8 /* exception.m */ = {isa = PBXFileReference; fileEncoding = 4; lastKnownFileType = sourcecode.c.objc; path = exception.m; sourceTree = "<group>"; };
		FA7E3D06156B613D00687AB8 /* 42qu.app */ = {isa = PBXFileReference; explicitFileType = wrapper.application; includeInIndex = 0; path = 42qu.app; sourceTree = BUILT_PRODUCTS_DIR; };
		FA7E3D0A156B613E00687AB8 /* UIKit.framework */ = {isa = PBXFileReference; lastKnownFileType = wrapper.framework; name = UIKit.framework; path = System/Library/Frameworks/UIKit.framework; sourceTree = SDKROOT; };
		FA7E3D0C156B613E00687AB8 /* Foundation.framework */ = {isa = PBXFileReference; lastKnownFileType = wrapper.framework; name = Foundation.framework; path = System/Library/Frameworks/Foundation.framework; sourceTree = SDKROOT; };
		FA7E3D0E156B613E00687AB8 /* CoreGraphics.framework */ = {isa = PBXFileReference; lastKnownFileType = wrapper.framework; name = CoreGraphics.framework; path = System/Library/Frameworks/CoreGraphics.framework; sourceTree = SDKROOT; };
		FA7E3D12156B613E00687AB8 /* 42qu-Info.plist */ = {isa = PBXFileReference; lastKnownFileType = text.plist.xml; path = "42qu-Info.plist"; sourceTree = "<group>"; };
		FA7E3D14156B613E00687AB8 /* en */ = {isa = PBXFileReference; lastKnownFileType = text.plist.strings; name = en; path = en.lproj/InfoPlist.strings; sourceTree = "<group>"; };
		FA7E3D16156B613E00687AB8 /* main.m */ = {isa = PBXFileReference; lastKnownFileType = sourcecode.c.objc; path = main.m; sourceTree = "<group>"; };
		FA7E3D18156B613E00687AB8 /* 42qu-Prefix.pch */ = {isa = PBXFileReference; lastKnownFileType = sourcecode.c.h; path = "42qu-Prefix.pch"; sourceTree = "<group>"; };
		FA7E3D19156B613E00687AB8 /* AppDelegate.h */ = {isa = PBXFileReference; lastKnownFileType = sourcecode.c.h; path = AppDelegate.h; sourceTree = "<group>"; };
		FA7E3D1A156B613E00687AB8 /* AppDelegate.m */ = {isa = PBXFileReference; lastKnownFileType = sourcecode.c.objc; path = AppDelegate.m; sourceTree = "<group>"; };
		FA88C20615D251B4002EA3F6 /* RegisterViewController.h */ = {isa = PBXFileReference; fileEncoding = 4; lastKnownFileType = sourcecode.c.h; path = RegisterViewController.h; sourceTree = "<group>"; };
		FA88C20715D251B4002EA3F6 /* RegisterViewController.m */ = {isa = PBXFileReference; fileEncoding = 4; lastKnownFileType = sourcecode.c.objc; path = RegisterViewController.m; sourceTree = "<group>"; };
		FAB6928C1571306000AF0951 /* TBinaryProtocol.h */ = {isa = PBXFileReference; fileEncoding = 4; lastKnownFileType = sourcecode.c.h; path = TBinaryProtocol.h; sourceTree = "<group>"; };
		FAB6928D1571306000AF0951 /* TBinaryProtocol.m */ = {isa = PBXFileReference; fileEncoding = 4; lastKnownFileType = sourcecode.c.objc; path = TBinaryProtocol.m; sourceTree = "<group>"; };
		FAB6928E1571306000AF0951 /* TProtocol.h */ = {isa = PBXFileReference; fileEncoding = 4; lastKnownFileType = sourcecode.c.h; path = TProtocol.h; sourceTree = "<group>"; };
		FAB6928F1571306000AF0951 /* TProtocolException.h */ = {isa = PBXFileReference; fileEncoding = 4; lastKnownFileType = sourcecode.c.h; path = TProtocolException.h; sourceTree = "<group>"; };
		FAB692901571306000AF0951 /* TProtocolException.m */ = {isa = PBXFileReference; fileEncoding = 4; lastKnownFileType = sourcecode.c.objc; path = TProtocolException.m; sourceTree = "<group>"; };
		FAB692911571306000AF0951 /* TProtocolFactory.h */ = {isa = PBXFileReference; fileEncoding = 4; lastKnownFileType = sourcecode.c.h; path = TProtocolFactory.h; sourceTree = "<group>"; };
		FAB692921571306000AF0951 /* TProtocolUtil.h */ = {isa = PBXFileReference; fileEncoding = 4; lastKnownFileType = sourcecode.c.h; path = TProtocolUtil.h; sourceTree = "<group>"; };
		FAB692931571306000AF0951 /* TProtocolUtil.m */ = {isa = PBXFileReference; fileEncoding = 4; lastKnownFileType = sourcecode.c.objc; path = TProtocolUtil.m; sourceTree = "<group>"; };
		FAB692951571306000AF0951 /* TSocketServer.h */ = {isa = PBXFileReference; fileEncoding = 4; lastKnownFileType = sourcecode.c.h; path = TSocketServer.h; sourceTree = "<group>"; };
		FAB692961571306000AF0951 /* TSocketServer.m */ = {isa = PBXFileReference; fileEncoding = 4; lastKnownFileType = sourcecode.c.objc; path = TSocketServer.m; sourceTree = "<group>"; };
		FAB692971571306000AF0951 /* TApplicationException.h */ = {isa = PBXFileReference; fileEncoding = 4; lastKnownFileType = sourcecode.c.h; path = TApplicationException.h; sourceTree = "<group>"; };
		FAB692981571306000AF0951 /* TApplicationException.m */ = {isa = PBXFileReference; fileEncoding = 4; lastKnownFileType = sourcecode.c.objc; path = TApplicationException.m; sourceTree = "<group>"; };
		FAB692991571306000AF0951 /* TException.h */ = {isa = PBXFileReference; fileEncoding = 4; lastKnownFileType = sourcecode.c.h; path = TException.h; sourceTree = "<group>"; };
		FAB6929A1571306000AF0951 /* TException.m */ = {isa = PBXFileReference; fileEncoding = 4; lastKnownFileType = sourcecode.c.objc; path = TException.m; sourceTree = "<group>"; };
		FAB6929B1571306000AF0951 /* TObjective-C.h */ = {isa = PBXFileReference; fileEncoding = 4; lastKnownFileType = sourcecode.c.h; path = "TObjective-C.h"; sourceTree = "<group>"; };
		FAB6929C1571306000AF0951 /* TProcessor.h */ = {isa = PBXFileReference; fileEncoding = 4; lastKnownFileType = sourcecode.c.h; path = TProcessor.h; sourceTree = "<group>"; };
		FAB6929D1571306000AF0951 /* TProcessorFactory.h */ = {isa = PBXFileReference; fileEncoding = 4; lastKnownFileType = sourcecode.c.h; path = TProcessorFactory.h; sourceTree = "<group>"; };
		FAB6929F1571306000AF0951 /* THTTPClient.h */ = {isa = PBXFileReference; fileEncoding = 4; lastKnownFileType = sourcecode.c.h; path = THTTPClient.h; sourceTree = "<group>"; };
		FAB692A01571306000AF0951 /* THTTPClient.m */ = {isa = PBXFileReference; fileEncoding = 4; lastKnownFileType = sourcecode.c.objc; path = THTTPClient.m; sourceTree = "<group>"; };
		FAB692A11571306000AF0951 /* TMemoryBuffer.h */ = {isa = PBXFileReference; fileEncoding = 4; lastKnownFileType = sourcecode.c.h; path = TMemoryBuffer.h; sourceTree = "<group>"; };
		FAB692A21571306000AF0951 /* TMemoryBuffer.m */ = {isa = PBXFileReference; fileEncoding = 4; lastKnownFileType = sourcecode.c.objc; path = TMemoryBuffer.m; sourceTree = "<group>"; };
		FAB692A31571306000AF0951 /* TNSFileHandleTransport.h */ = {isa = PBXFileReference; fileEncoding = 4; lastKnownFileType = sourcecode.c.h; path = TNSFileHandleTransport.h; sourceTree = "<group>"; };
		FAB692A41571306000AF0951 /* TNSFileHandleTransport.m */ = {isa = PBXFileReference; fileEncoding = 4; lastKnownFileType = sourcecode.c.objc; path = TNSFileHandleTransport.m; sourceTree = "<group>"; };
		FAB692A51571306000AF0951 /* TNSStreamTransport.h */ = {isa = PBXFileReference; fileEncoding = 4; lastKnownFileType = sourcecode.c.h; path = TNSStreamTransport.h; sourceTree = "<group>"; };
		FAB692A61571306000AF0951 /* TNSStreamTransport.m */ = {isa = PBXFileReference; fileEncoding = 4; lastKnownFileType = sourcecode.c.objc; path = TNSStreamTransport.m; sourceTree = "<group>"; };
		FAB692A71571306000AF0951 /* TSocketClient.h */ = {isa = PBXFileReference; fileEncoding = 4; lastKnownFileType = sourcecode.c.h; path = TSocketClient.h; sourceTree = "<group>"; };
		FAB692A81571306000AF0951 /* TSocketClient.m */ = {isa = PBXFileReference; fileEncoding = 4; lastKnownFileType = sourcecode.c.objc; path = TSocketClient.m; sourceTree = "<group>"; };
		FAB692A91571306000AF0951 /* TTransport.h */ = {isa = PBXFileReference; fileEncoding = 4; lastKnownFileType = sourcecode.c.h; path = TTransport.h; sourceTree = "<group>"; };
		FAB692AA1571306000AF0951 /* TTransportException.h */ = {isa = PBXFileReference; fileEncoding = 4; lastKnownFileType = sourcecode.c.h; path = TTransportException.h; sourceTree = "<group>"; };
		FAB692AB1571306000AF0951 /* TTransportException.m */ = {isa = PBXFileReference; fileEncoding = 4; lastKnownFileType = sourcecode.c.objc; path = TTransportException.m; sourceTree = "<group>"; };
		FAB692AC1571306000AF0951 /* TSharedProcessorFactory.h */ = {isa = PBXFileReference; fileEncoding = 4; lastKnownFileType = sourcecode.c.h; path = TSharedProcessorFactory.h; sourceTree = "<group>"; };
		FAB692AD1571306000AF0951 /* TSharedProcessorFactory.m */ = {isa = PBXFileReference; fileEncoding = 4; lastKnownFileType = sourcecode.c.objc; path = TSharedProcessorFactory.m; sourceTree = "<group>"; };
		FAB74003156B8103003CBF67 /* UpdateRootViewController.h */ = {isa = PBXFileReference; fileEncoding = 4; lastKnownFileType = sourcecode.c.h; path = UpdateRootViewController.h; sourceTree = "<group>"; };
		FAB74004156B8103003CBF67 /* UpdateRootViewController.m */ = {isa = PBXFileReference; fileEncoding = 4; lastKnownFileType = sourcecode.c.objc; path = UpdateRootViewController.m; sourceTree = "<group>"; };
		FAB74006156B817C003CBF67 /* NotificationRootViewController.h */ = {isa = PBXFileReference; fileEncoding = 4; lastKnownFileType = sourcecode.c.h; path = NotificationRootViewController.h; sourceTree = "<group>"; };
		FAB74007156B817C003CBF67 /* NotificationRootViewController.m */ = {isa = PBXFileReference; fileEncoding = 4; lastKnownFileType = sourcecode.c.objc; path = NotificationRootViewController.m; sourceTree = "<group>"; };
		FAB74009156B818A003CBF67 /* PeopleRootViewController.h */ = {isa = PBXFileReference; fileEncoding = 4; lastKnownFileType = sourcecode.c.h; path = PeopleRootViewController.h; sourceTree = "<group>"; };
		FAB7400A156B818A003CBF67 /* PeopleRootViewController.m */ = {isa = PBXFileReference; fileEncoding = 4; lastKnownFileType = sourcecode.c.objc; path = PeopleRootViewController.m; sourceTree = "<group>"; };
		FAC856BF157B1D5500B42DF6 /* launch-startbutton-bg.png */ = {isa = PBXFileReference; lastKnownFileType = image.png; path = "launch-startbutton-bg.png"; sourceTree = "<group>"; };
		FAC856C0157B1D5500B42DF6 /* launch-startbutton-bg@2x.png */ = {isa = PBXFileReference; lastKnownFileType = image.png; path = "launch-startbutton-bg@2x.png"; sourceTree = "<group>"; };
		FAF57A041570AFE8002B26CE /* service.h */ = {isa = PBXFileReference; fileEncoding = 4; lastKnownFileType = sourcecode.c.h; path = service.h; sourceTree = "<group>"; };
		FAF57A051570AFE8002B26CE /* service.m */ = {isa = PBXFileReference; fileEncoding = 4; lastKnownFileType = sourcecode.c.objc; path = service.m; sourceTree = "<group>"; };
		FAF57A061570AFE8002B26CE /* type.h */ = {isa = PBXFileReference; fileEncoding = 4; lastKnownFileType = sourcecode.c.h; path = type.h; sourceTree = "<group>"; };
		FAF57A071570AFE8002B26CE /* type.m */ = {isa = PBXFileReference; fileEncoding = 4; lastKnownFileType = sourcecode.c.objc; path = type.m; sourceTree = "<group>"; };
/* End PBXFileReference section */

/* Begin PBXFrameworksBuildPhase section */
		FA7E3D03156B613D00687AB8 /* Frameworks */ = {
			isa = PBXFrameworksBuildPhase;
			buildActionMask = 2147483647;
			files = (
				FA402A37156BA3F4009EC4FA /* QuartzCore.framework in Frameworks */,
				FA7E3D0B156B613E00687AB8 /* UIKit.framework in Frameworks */,
				FA7E3D0D156B613E00687AB8 /* Foundation.framework in Frameworks */,
				FA7E3D0F156B613E00687AB8 /* CoreGraphics.framework in Frameworks */,
			);
			runOnlyForDeploymentPostprocessing = 0;
		};
/* End PBXFrameworksBuildPhase section */

/* Begin PBXGroup section */
		FA02A75B158CAB9500DA275C /* Custom Objects */ = {
			isa = PBXGroup;
			children = (
				FA02A75C158CABBC00DA275C /* CustomSegmentedControl.h */,
				FA02A75D158CABBC00DA275C /* CustomSegmentedControl.m */,
				FA2883041595E53600FFE60F /* TabbedSlideView.h */,
				FA2883051595E53600FFE60F /* TabbedSlideView.m */,
				FA2ED43A15D3D07A00018932 /* PullRefreshHeaderView.h */,
				FA2ED43B15D3D07A00018932 /* PullRefreshHeaderView.m */,
				FA333CC715D3EBFC00605F26 /* CustomTableViewController.h */,
				FA333CC815D3EBFC00605F26 /* CustomTableViewController.m */,
			);
			name = "Custom Objects";
			sourceTree = "<group>";
		};
		FA17830C1577C52D005C9ECE /* SNS Image */ = {
			isa = PBXGroup;
			children = (
				FA17830D1577C576005C9ECE /* 42qu.png */,
				FA17830E1577C576005C9ECE /* google.png */,
				FA17830F1577C576005C9ECE /* renren.png */,
				FA1783171577C65F005C9ECE /* weibo.png */,
				FA1783101577C576005C9ECE /* tencent.png */,
			);
			name = "SNS Image";
			sourceTree = "<group>";
		};
		FA1783191577D7C6005C9ECE /* Launch */ = {
			isa = PBXGroup;
			children = (
				FA17831A1577D827005C9ECE /* LaunchViewController.h */,
				FA17831B1577D827005C9ECE /* LaunchViewController.m */,
			);
			name = Launch;
			sourceTree = "<group>";
		};
		FA288400159B148800FFE60F /* Profile */ = {
			isa = PBXGroup;
			children = (
				FA288405159B151300FFE60F /* ProfileRootViewController.h */,
				FA288406159B151300FFE60F /* ProfileRootViewController.m */,
			);
			name = Profile;
			sourceTree = "<group>";
		};
		FA402A3D156BAE37009EC4FA /* Account */ = {
			isa = PBXGroup;
			children = (
				FA17830C1577C52D005C9ECE /* SNS Image */,
				FA402A5C156C919E009EC4FA /* AccountControl.h */,
				FA402A5D156C919E009EC4FA /* AccountControl.m */,
				FA402AAD156D0B04009EC4FA /* LoginView.h */,
				FA402AAE156D0B04009EC4FA /* LoginView.m */,
				FA1783031577B38B005C9ECE /* RegisterListViewController.h */,
				FA1783041577B38B005C9ECE /* RegisterListViewController.m */,
				FA88C20615D251B4002EA3F6 /* RegisterViewController.h */,
				FA88C20715D251B4002EA3F6 /* RegisterViewController.m */,
			);
			name = Account;
			sourceTree = "<group>";
		};
		FA402A85156CA012009EC4FA /* API Utils */ = {
			isa = PBXGroup;
			children = (
				FA402A86156CA02C009EC4FA /* HTTPUtils.h */,
				FA402A87156CA02C009EC4FA /* HTTPUtils.m */,
				FA402A9D156CDE5A009EC4FA /* API.h */,
				FA402A9E156CDE5A009EC4FA /* API.m */,
			);
			name = "API Utils";
			sourceTree = "<group>";
		};
		FA7E3CFB156B613D00687AB8 = {
			isa = PBXGroup;
			children = (
				FA7E3D10156B613E00687AB8 /* 42qu */,
				FA7E3D09156B613D00687AB8 /* Frameworks */,
				FA7E3D07156B613D00687AB8 /* Products */,
			);
			sourceTree = "<group>";
		};
		FA7E3D07156B613D00687AB8 /* Products */ = {
			isa = PBXGroup;
			children = (
				FA7E3D06156B613D00687AB8 /* 42qu.app */,
			);
			name = Products;
			sourceTree = "<group>";
		};
		FA7E3D09156B613D00687AB8 /* Frameworks */ = {
			isa = PBXGroup;
			children = (
				FAB6928A1571306000AF0951 /* thrift */,
				FAF57A011570AFE8002B26CE /* thrift-gen */,
				FA402A36156BA3F4009EC4FA /* QuartzCore.framework */,
				FA7E3D0A156B613E00687AB8 /* UIKit.framework */,
				FA7E3D0C156B613E00687AB8 /* Foundation.framework */,
				FA7E3D0E156B613E00687AB8 /* CoreGraphics.framework */,
			);
			name = Frameworks;
			sourceTree = "<group>";
		};
		FA7E3D10156B613E00687AB8 /* 42qu */ = {
			isa = PBXGroup;
			children = (
				FAA5CA68157C89E800912D9E /* Resources */,
				FA02A75B158CAB9500DA275C /* Custom Objects */,
				FA402A85156CA012009EC4FA /* API Utils */,
				FAB73FF4156B7CE0003CBF67 /* App Delegate */,
				FA1783191577D7C6005C9ECE /* Launch */,
				FA402A3D156BAE37009EC4FA /* Account */,
				FAB73FF2156B7CDD003CBF67 /* Update */,
				FAB73FFB156B7DF6003CBF67 /* Notification */,
				FAB73FFC156B7DFC003CBF67 /* People */,
				FA288400159B148800FFE60F /* Profile */,
				FA7E3D11156B613E00687AB8 /* Supporting Files */,
			);
			path = 42qu;
			sourceTree = "<group>";
		};
		FA7E3D11156B613E00687AB8 /* Supporting Files */ = {
			isa = PBXGroup;
			children = (
				FA3A4B301574C4930070FB1C /* Default.png */,
				FA3A4B2E1574C4100070FB1C /* Default@2x.png */,
				FA3A4B2C1574C3620070FB1C /* Icon.png */,
				FA3A4B2A1574C35A0070FB1C /* Icon@2x.png */,
				FA7E3D12156B613E00687AB8 /* 42qu-Info.plist */,
				FA7E3D13156B613E00687AB8 /* InfoPlist.strings */,
				FA7E3D16156B613E00687AB8 /* main.m */,
				FA7E3D18156B613E00687AB8 /* 42qu-Prefix.pch */,
			);
			name = "Supporting Files";
			sourceTree = "<group>";
		};
		FAA5CA68157C89E800912D9E /* Resources */ = {
			isa = PBXGroup;
			children = (
				FAC856BF157B1D5500B42DF6 /* launch-startbutton-bg.png */,
				FAC856C0157B1D5500B42DF6 /* launch-startbutton-bg@2x.png */,
				FA3A4B22157485BE0070FB1C /* launch-navbar-bg.png */,
				FA3A4B23157485BE0070FB1C /* launch-navbar-bg@2x.png */,
				FA210B3A156D1B2B00DDACE9 /* logo.png */,
				FA402ABA156D0EAD009EC4FA /* login-bg.png */,
				FA402ABB156D0EAD009EC4FA /* login-bg@2x.png */,
				FA288418159B7A6100FFE60F /* tabbar-update.png */,
				FA288419159B7A6100FFE60F /* tabbar-update@2x.png */,
				FA28841A159B7A6100FFE60F /* tabbar-notification.png */,
				FA28841B159B7A6200FFE60F /* tabbar-notification@2x.png */,
				FA28841C159B7A6200FFE60F /* tabbar-notification-new.png */,
				FA28841D159B7A6200FFE60F /* tabbar-notification-new@2x.png */,
				FA28841E159B7A6200FFE60F /* tabbar-people.png */,
				FA28841F159B7A6200FFE60F /* tabbar-people@2x.png */,
				FA288420159B7A6200FFE60F /* tabbar-profile.png */,
				FA288421159B7A6200FFE60F /* tabbar-profile@2x.png */,
				FA2E1D33158DF8680072B596 /* peopledetail-segmentedcontrol-bg.png */,
				FA2E1D34158DF8680072B596 /* peopledetail-segmentedcontrol-bg@2x.png */,
				FA2E1D31158DF8680072B596 /* peopledetail-segmentedcontrol-divider.png */,
				FA2E1D32158DF8680072B596 /* peopledetail-segmentedcontrol-divider@2x.png */,
				FA2E1D3C158DFA340072B596 /* peopledetail-segmentedcontrol-highlighted.png */,
				FA2E1D3D158DFA340072B596 /* peopledetail-segmentedcontrol-highlighted@2x.png */,
				FA2E1D2F158DF8680072B596 /* peopledetail-segmentedcontrol-selected.png */,
				FA2E1D30158DF8680072B596 /* peopledetail-segmentedcontrol-selected@2x.png */,
			);
			name = Resources;
			sourceTree = "<group>";
		};
		FAB6928A1571306000AF0951 /* thrift */ = {
			isa = PBXGroup;
			children = (
				FAB6928B1571306000AF0951 /* protocol */,
				FAB692941571306000AF0951 /* server */,
				FAB692971571306000AF0951 /* TApplicationException.h */,
				FAB692981571306000AF0951 /* TApplicationException.m */,
				FAB692991571306000AF0951 /* TException.h */,
				FAB6929A1571306000AF0951 /* TException.m */,
				FAB6929B1571306000AF0951 /* TObjective-C.h */,
				FAB6929C1571306000AF0951 /* TProcessor.h */,
				FAB6929D1571306000AF0951 /* TProcessorFactory.h */,
				FAB6929E1571306000AF0951 /* transport */,
				FAB692AC1571306000AF0951 /* TSharedProcessorFactory.h */,
				FAB692AD1571306000AF0951 /* TSharedProcessorFactory.m */,
			);
			path = thrift;
			sourceTree = "<group>";
		};
		FAB6928B1571306000AF0951 /* protocol */ = {
			isa = PBXGroup;
			children = (
				FAB6928C1571306000AF0951 /* TBinaryProtocol.h */,
				FAB6928D1571306000AF0951 /* TBinaryProtocol.m */,
				FAB6928E1571306000AF0951 /* TProtocol.h */,
				FAB6928F1571306000AF0951 /* TProtocolException.h */,
				FAB692901571306000AF0951 /* TProtocolException.m */,
				FAB692911571306000AF0951 /* TProtocolFactory.h */,
				FAB692921571306000AF0951 /* TProtocolUtil.h */,
				FAB692931571306000AF0951 /* TProtocolUtil.m */,
			);
			path = protocol;
			sourceTree = "<group>";
		};
		FAB692941571306000AF0951 /* server */ = {
			isa = PBXGroup;
			children = (
				FAB692951571306000AF0951 /* TSocketServer.h */,
				FAB692961571306000AF0951 /* TSocketServer.m */,
			);
			path = server;
			sourceTree = "<group>";
		};
		FAB6929E1571306000AF0951 /* transport */ = {
			isa = PBXGroup;
			children = (
				FAB6929F1571306000AF0951 /* THTTPClient.h */,
				FAB692A01571306000AF0951 /* THTTPClient.m */,
				FAB692A11571306000AF0951 /* TMemoryBuffer.h */,
				FAB692A21571306000AF0951 /* TMemoryBuffer.m */,
				FAB692A31571306000AF0951 /* TNSFileHandleTransport.h */,
				FAB692A41571306000AF0951 /* TNSFileHandleTransport.m */,
				FAB692A51571306000AF0951 /* TNSStreamTransport.h */,
				FAB692A61571306000AF0951 /* TNSStreamTransport.m */,
				FAB692A71571306000AF0951 /* TSocketClient.h */,
				FAB692A81571306000AF0951 /* TSocketClient.m */,
				FAB692A91571306000AF0951 /* TTransport.h */,
				FAB692AA1571306000AF0951 /* TTransportException.h */,
				FAB692AB1571306000AF0951 /* TTransportException.m */,
			);
			path = transport;
			sourceTree = "<group>";
		};
		FAB73FF2156B7CDD003CBF67 /* Update */ = {
			isa = PBXGroup;
			children = (
				FA1DB28A15BD436B00CDE810 /* UpdateCell.h */,
				FA1DB28B15BD436B00CDE810 /* UpdateCell.m */,
				FAB74003156B8103003CBF67 /* UpdateRootViewController.h */,
				FAB74004156B8103003CBF67 /* UpdateRootViewController.m */,
			);
			name = Update;
			sourceTree = "<group>";
		};
		FAB73FF4156B7CE0003CBF67 /* App Delegate */ = {
			isa = PBXGroup;
			children = (
				FA7E3D19156B613E00687AB8 /* AppDelegate.h */,
				FA7E3D1A156B613E00687AB8 /* AppDelegate.m */,
			);
			name = "App Delegate";
			sourceTree = "<group>";
		};
		FAB73FFB156B7DF6003CBF67 /* Notification */ = {
			isa = PBXGroup;
			children = (
				FAB74006156B817C003CBF67 /* NotificationRootViewController.h */,
				FAB74007156B817C003CBF67 /* NotificationRootViewController.m */,
			);
			name = Notification;
			sourceTree = "<group>";
		};
		FAB73FFC156B7DFC003CBF67 /* People */ = {
			isa = PBXGroup;
			children = (
				FAB74009156B818A003CBF67 /* PeopleRootViewController.h */,
				FAB7400A156B818A003CBF67 /* PeopleRootViewController.m */,
				FA02A74B158CA62300DA275C /* PeopleDetailViewController.h */,
				FA02A74C158CA62300DA275C /* PeopleDetailViewController.m */,
				FA02A74D158CA62300DA275C /* PeopleDetailViewController.xib */,
			);
			name = People;
			sourceTree = "<group>";
		};
		FAF57A011570AFE8002B26CE /* thrift-gen */ = {
			isa = PBXGroup;
			children = (
				FA5885661576636700F46BD8 /* exception.h */,
				FA5885671576636700F46BD8 /* exception.m */,
				FAF57A041570AFE8002B26CE /* service.h */,
				FAF57A051570AFE8002B26CE /* service.m */,
				FAF57A061570AFE8002B26CE /* type.h */,
				FAF57A071570AFE8002B26CE /* type.m */,
			);
			path = "thrift-gen";
			sourceTree = "<group>";
		};
/* End PBXGroup section */

/* Begin PBXNativeTarget section */
		FA7E3D05156B613D00687AB8 /* 42qu */ = {
			isa = PBXNativeTarget;
			buildConfigurationList = FA7E3D1E156B613E00687AB8 /* Build configuration list for PBXNativeTarget "42qu" */;
			buildPhases = (
				FA7E3D02156B613D00687AB8 /* Sources */,
				FA7E3D03156B613D00687AB8 /* Frameworks */,
				FA7E3D04156B613D00687AB8 /* Resources */,
			);
			buildRules = (
			);
			dependencies = (
			);
			name = 42qu;
			productName = 42qu;
			productReference = FA7E3D06156B613D00687AB8 /* 42qu.app */;
			productType = "com.apple.product-type.application";
		};
/* End PBXNativeTarget section */

/* Begin PBXProject section */
		FA7E3CFD156B613D00687AB8 /* Project object */ = {
			isa = PBXProject;
			attributes = {
				LastUpgradeCheck = 0430;
				ORGANIZATIONNAME = "Seymour Dev";
			};
			buildConfigurationList = FA7E3D00156B613D00687AB8 /* Build configuration list for PBXProject "42qu" */;
			compatibilityVersion = "Xcode 3.2";
			developmentRegion = English;
			hasScannedForEncodings = 0;
			knownRegions = (
				en,
			);
			mainGroup = FA7E3CFB156B613D00687AB8;
			productRefGroup = FA7E3D07156B613D00687AB8 /* Products */;
			projectDirPath = "";
			projectRoot = "";
			targets = (
				FA7E3D05156B613D00687AB8 /* 42qu */,
			);
		};
/* End PBXProject section */

/* Begin PBXResourcesBuildPhase section */
		FA7E3D04156B613D00687AB8 /* Resources */ = {
			isa = PBXResourcesBuildPhase;
			buildActionMask = 2147483647;
			files = (
				FA7E3D15156B613E00687AB8 /* InfoPlist.strings in Resources */,
				FA402ABC156D0EAD009EC4FA /* login-bg.png in Resources */,
				FA402ABD156D0EAD009EC4FA /* login-bg@2x.png in Resources */,
				FA210B3B156D1B2B00DDACE9 /* logo.png in Resources */,
				FA3A4B24157485BE0070FB1C /* launch-navbar-bg.png in Resources */,
				FA3A4B25157485BE0070FB1C /* launch-navbar-bg@2x.png in Resources */,
				FA3A4B2B1574C35A0070FB1C /* Icon@2x.png in Resources */,
				FA3A4B2D1574C3620070FB1C /* Icon.png in Resources */,
				FA3A4B2F1574C4100070FB1C /* Default@2x.png in Resources */,
				FA3A4B311574C4930070FB1C /* Default.png in Resources */,
				FA1783121577C576005C9ECE /* 42qu.png in Resources */,
				FA1783131577C576005C9ECE /* google.png in Resources */,
				FA1783141577C576005C9ECE /* renren.png in Resources */,
				FA1783151577C576005C9ECE /* tencent.png in Resources */,
				FA1783181577C65F005C9ECE /* weibo.png in Resources */,
				FAC856C1157B1D5500B42DF6 /* launch-startbutton-bg.png in Resources */,
				FAC856C2157B1D5500B42DF6 /* launch-startbutton-bg@2x.png in Resources */,
				FA02A74F158CA62300DA275C /* PeopleDetailViewController.xib in Resources */,
				FA2E1D35158DF8680072B596 /* peopledetail-segmentedcontrol-selected.png in Resources */,
				FA2E1D36158DF8680072B596 /* peopledetail-segmentedcontrol-selected@2x.png in Resources */,
				FA2E1D37158DF8680072B596 /* peopledetail-segmentedcontrol-divider.png in Resources */,
				FA2E1D38158DF8680072B596 /* peopledetail-segmentedcontrol-divider@2x.png in Resources */,
				FA2E1D39158DF8680072B596 /* peopledetail-segmentedcontrol-bg.png in Resources */,
				FA2E1D3A158DF8680072B596 /* peopledetail-segmentedcontrol-bg@2x.png in Resources */,
				FA2E1D3E158DFA340072B596 /* peopledetail-segmentedcontrol-highlighted.png in Resources */,
				FA2E1D3F158DFA340072B596 /* peopledetail-segmentedcontrol-highlighted@2x.png in Resources */,
				FA288422159B7A6200FFE60F /* tabbar-update.png in Resources */,
				FA288423159B7A6200FFE60F /* tabbar-update@2x.png in Resources */,
				FA288424159B7A6200FFE60F /* tabbar-notification.png in Resources */,
				FA288425159B7A6200FFE60F /* tabbar-notification@2x.png in Resources */,
				FA288426159B7A6200FFE60F /* tabbar-notification-new.png in Resources */,
				FA288427159B7A6200FFE60F /* tabbar-notification-new@2x.png in Resources */,
				FA288428159B7A6200FFE60F /* tabbar-people.png in Resources */,
				FA288429159B7A6200FFE60F /* tabbar-people@2x.png in Resources */,
				FA28842A159B7A6200FFE60F /* tabbar-profile.png in Resources */,
				FA28842B159B7A6200FFE60F /* tabbar-profile@2x.png in Resources */,
			);
			runOnlyForDeploymentPostprocessing = 0;
		};
/* End PBXResourcesBuildPhase section */

/* Begin PBXSourcesBuildPhase section */
		FA7E3D02156B613D00687AB8 /* Sources */ = {
			isa = PBXSourcesBuildPhase;
			buildActionMask = 2147483647;
			files = (
				FA7E3D17156B613E00687AB8 /* main.m in Sources */,
				FA7E3D1B156B613E00687AB8 /* AppDelegate.m in Sources */,
				FAB74005156B8103003CBF67 /* UpdateRootViewController.m in Sources */,
				FAB74008156B817C003CBF67 /* NotificationRootViewController.m in Sources */,
				FAB7400B156B818A003CBF67 /* PeopleRootViewController.m in Sources */,
				FA402A5E156C919E009EC4FA /* AccountControl.m in Sources */,
				FA402A9F156CDE5A009EC4FA /* API.m in Sources */,
				FA402AAF156D0B04009EC4FA /* LoginView.m in Sources */,
				FAF57A531570D294002B26CE /* service.m in Sources */,
				FAF57A541570D294002B26CE /* type.m in Sources */,
				FAB692AE1571306000AF0951 /* TBinaryProtocol.m in Sources */,
				FAB692AF1571306000AF0951 /* TProtocolException.m in Sources */,
				FAB692B01571306000AF0951 /* TProtocolUtil.m in Sources */,
				FAB692B11571306000AF0951 /* TSocketServer.m in Sources */,
				FAB692B21571306000AF0951 /* TApplicationException.m in Sources */,
				FAB692B31571306000AF0951 /* TException.m in Sources */,
				FAB692B41571306000AF0951 /* THTTPClient.m in Sources */,
				FAB692B51571306000AF0951 /* TMemoryBuffer.m in Sources */,
				FAB692B61571306000AF0951 /* TNSFileHandleTransport.m in Sources */,
				FAB692B71571306000AF0951 /* TNSStreamTransport.m in Sources */,
				FAB692B81571306000AF0951 /* TSocketClient.m in Sources */,
				FAB692B91571306000AF0951 /* TTransportException.m in Sources */,
				FAB692BA1571306000AF0951 /* TSharedProcessorFactory.m in Sources */,
				FA5885681576636700F46BD8 /* exception.m in Sources */,
				FA1783051577B38B005C9ECE /* RegisterListViewController.m in Sources */,
				FA17831C1577D827005C9ECE /* LaunchViewController.m in Sources */,
				FA02A75E158CABBC00DA275C /* CustomSegmentedControl.m in Sources */,
				FA2883061595E53600FFE60F /* TabbedSlideView.m in Sources */,
				FA288407159B151300FFE60F /* ProfileRootViewController.m in Sources */,
				FA22843115B807AB005F5189 /* PeopleDetailViewController.m in Sources */,
				FA1DB28C15BD436B00CDE810 /* UpdateCell.m in Sources */,
				FA88C20815D251B4002EA3F6 /* RegisterViewController.m in Sources */,
				FA2ED43C15D3D07A00018932 /* PullRefreshHeaderView.m in Sources */,
				FA333CC915D3EBFC00605F26 /* CustomTableViewController.m in Sources */,
			);
			runOnlyForDeploymentPostprocessing = 0;
		};
/* End PBXSourcesBuildPhase section */

/* Begin PBXVariantGroup section */
		FA7E3D13156B613E00687AB8 /* InfoPlist.strings */ = {
			isa = PBXVariantGroup;
			children = (
				FA7E3D14156B613E00687AB8 /* en */,
			);
			name = InfoPlist.strings;
			sourceTree = "<group>";
		};
/* End PBXVariantGroup section */

/* Begin XCBuildConfiguration section */
		FA7E3D1C156B613E00687AB8 /* Debug */ = {
			isa = XCBuildConfiguration;
			buildSettings = {
				ALWAYS_SEARCH_USER_PATHS = NO;
				ARCHS = "$(ARCHS_STANDARD_32_BIT)";
				"CODE_SIGN_IDENTITY[sdk=iphoneos*]" = "iPhone Developer";
				COPY_PHASE_STRIP = NO;
				GCC_C_LANGUAGE_STANDARD = gnu99;
				GCC_DYNAMIC_NO_PIC = NO;
				GCC_OPTIMIZATION_LEVEL = 0;
				GCC_PREPROCESSOR_DEFINITIONS = (
					"DEBUG=1",
					"$(inherited)",
				);
				GCC_SYMBOLS_PRIVATE_EXTERN = NO;
				GCC_VERSION = com.apple.compilers.llvm.clang.1_0;
				GCC_WARN_ABOUT_RETURN_TYPE = YES;
				GCC_WARN_UNINITIALIZED_AUTOS = YES;
				GCC_WARN_UNUSED_VARIABLE = YES;
				IPHONEOS_DEPLOYMENT_TARGET = 5.1;
				SDKROOT = iphoneos;
			};
			name = Debug;
		};
		FA7E3D1D156B613E00687AB8 /* Release */ = {
			isa = XCBuildConfiguration;
			buildSettings = {
				ALWAYS_SEARCH_USER_PATHS = NO;
				ARCHS = "$(ARCHS_STANDARD_32_BIT)";
				"CODE_SIGN_IDENTITY[sdk=iphoneos*]" = "iPhone Developer";
				COPY_PHASE_STRIP = YES;
				GCC_C_LANGUAGE_STANDARD = gnu99;
				GCC_VERSION = com.apple.compilers.llvm.clang.1_0;
				GCC_WARN_ABOUT_RETURN_TYPE = YES;
				GCC_WARN_UNINITIALIZED_AUTOS = YES;
				GCC_WARN_UNUSED_VARIABLE = YES;
				IPHONEOS_DEPLOYMENT_TARGET = 5.1;
				OTHER_CFLAGS = "-DNS_BLOCK_ASSERTIONS=1";
				SDKROOT = iphoneos;
				VALIDATE_PRODUCT = YES;
			};
			name = Release;
		};
		FA7E3D1F156B613E00687AB8 /* Debug */ = {
			isa = XCBuildConfiguration;
			buildSettings = {
				ALWAYS_SEARCH_USER_PATHS = YES;
				FRAMEWORK_SEARCH_PATHS = (
					"$(SRCROOT)",
					"$(inherited)",
				);
				GCC_PRECOMPILE_PREFIX_HEADER = YES;
				GCC_PREFIX_HEADER = "42qu/42qu-Prefix.pch";
				INFOPLIST_FILE = "42qu/42qu-Info.plist";
				PRODUCT_NAME = "$(TARGET_NAME)";
				WRAPPER_EXTENSION = app;
			};
			name = Debug;
		};
		FA7E3D20156B613E00687AB8 /* Release */ = {
			isa = XCBuildConfiguration;
			buildSettings = {
				ALWAYS_SEARCH_USER_PATHS = YES;
				FRAMEWORK_SEARCH_PATHS = (
					"$(SRCROOT)",
					"$(inherited)",
				);
				GCC_PRECOMPILE_PREFIX_HEADER = YES;
				GCC_PREFIX_HEADER = "42qu/42qu-Prefix.pch";
				INFOPLIST_FILE = "42qu/42qu-Info.plist";
				PRODUCT_NAME = "$(TARGET_NAME)";
				WRAPPER_EXTENSION = app;
			};
			name = Release;
		};
/* End XCBuildConfiguration section */

/* Begin XCConfigurationList section */
		FA7E3D00156B613D00687AB8 /* Build configuration list for PBXProject "42qu" */ = {
			isa = XCConfigurationList;
			buildConfigurations = (
				FA7E3D1C156B613E00687AB8 /* Debug */,
				FA7E3D1D156B613E00687AB8 /* Release */,
			);
			defaultConfigurationIsVisible = 0;
			defaultConfigurationName = Release;
		};
		FA7E3D1E156B613E00687AB8 /* Build configuration list for PBXNativeTarget "42qu" */ = {
			isa = XCConfigurationList;
			buildConfigurations = (
				FA7E3D1F156B613E00687AB8 /* Debug */,
				FA7E3D20156B613E00687AB8 /* Release */,
			);
			defaultConfigurationIsVisible = 0;
			defaultConfigurationName = Release;
		};
/* End XCConfigurationList section */
	};
	rootObject = FA7E3CFD156B613D00687AB8 /* Project object */;
}
